{
  "name": "hxj-element",
  "version": "1.0.0",
  "lockfileVersion": 3,
  "requires": true,
  "packages": {
    "": {
      "name": "hxj-element",
      "version": "1.0.0",
      "license": "ISC",
      "devDependencies": {
        "@vue/runtime-dom": "^3.5.11"
      }
    },
    "node_modules/@vue/reactivity": {
      "version": "3.5.11",
      "resolved": "https://registry.npmmirror.com/@vue/reactivity/-/reactivity-3.5.11.tgz",
      "integrity": "sha512-Nqo5VZEn8MJWlCce8XoyVqHZbd5P2NH+yuAaFzuNSR96I+y1cnuUiq7xfSG+kyvLSiWmaHTKP1r3OZY4mMD50w==",
      "dev": true,
      "dependencies": {
        "@vue/shared": "3.5.11"
      }
    },
    "node_modules/@vue/runtime-core": {
      "version": "3.5.11",
      "resolved": "https://registry.npmmirror.com/@vue/runtime-core/-/runtime-core-3.5.11.tgz",
      "integrity": "sha512-7PsxFGqwfDhfhh0OcDWBG1DaIQIVOLgkwA5q6MtkPiDFjp5gohVnJEahSktwSFLq7R5PtxDKy6WKURVN1UDbzA==",
      "dev": true,
      "dependencies": {
        "@vue/reactivity": "3.5.11",
        "@vue/shared": "3.5.11"
      }
    },
    "node_modules/@vue/runtime-dom": {
      "version": "3.5.11",
      "resolved": "https://registry.npmmirror.com/@vue/runtime-dom/-/runtime-dom-3.5.11.tgz",
      "integrity": "sha512-GNghjecT6IrGf0UhuYmpgaOlN7kxzQBhxWEn08c/SQDxv1yy4IXI1bn81JgEpQ4IXjRxWtPyI8x0/7TF5rPfYQ==",
      "dev": true,
      "dependencies": {
        "@vue/reactivity": "3.5.11",
        "@vue/runtime-core": "3.5.11",
        "@vue/shared": "3.5.11",
        "csstype": "^3.1.3"
      }
    },
    "node_modules/@vue/shared": {
      "version": "3.5.11",
      "resolved": "https://registry.npmmirror.com/@vue/shared/-/shared-3.5.11.tgz",
      "integrity": "sha512-W8GgysJVnFo81FthhzurdRAWP/byq3q2qIw70e0JWblzVhjgOMiC2GyovXrZTFQJnFVryYaKGP3Tc9vYzYm6PQ==",
      "dev": true
    },
    "node_modules/csstype": {
      "version": "3.1.3",
      "resolved": "https://registry.npmmirror.com/csstype/-/csstype-3.1.3.tgz",
      "integrity": "sha512-M1uQkMl8rQK/szD0LNhtqxIPLpimGm8sOBwU7lLnCpSbTyY3yeU1Vc7l4KT5zT4s/yOxHH5O7tIuuLOCnLADRw==",
      "dev": true
    }
  }
}
